
Microsoft Visual Studio Solution File, Format Version 11.00
# Visual Studio 2010
Project("{FAE04EC0-301F-11D3-BF4B-00C04F79EFBC}") = "USPC", "USPC.csproj", "{5D4639F4-7CB1-4D0A-BB45-3F3DC9BD4372}"
EndProject
Project("{FAE04EC0-301F-11D3-BF4B-00C04F79EFBC}") = "FormPosSaver", "FormPosSaver\FormPosSaver.csproj", "{3E850B02-F522-4D55-A462-CB8F2455A5F4}"
EndProject
Project("{FAE04EC0-301F-11D3-BF4B-00C04F79EFBC}") = "loglib", "loglib\loglib.csproj", "{04B64A9A-9434-4CD9-A00B-0ABB1310F056}"
EndProject
Project("{FAE04EC0-301F-11D3-BF4B-00C04F79EFBC}") = "uspcserver", "uspcserver\uspcserver.csproj", "{B96D824B-48F7-4160-A337-B56A641E5A26}"
EndProject
Project("{FAE04EC0-301F-11D3-BF4B-00C04F79EFBC}") = "pcxus", "pcxus\pcxus.csproj", "{67A750E4-166C-486B-B50F-F68215C226D6}"
EndProject
Project("{FAE04EC0-301F-11D3-BF4B-00C04F79EFBC}") = "serverconsole", "serverconsole\serverconsole.csproj", "{C8487566-9827-48EF-9B0C-BC684AEDE66A}"
EndProject
Project("{2150E333-8FDC-42A3-9474-1A3956D46DE8}") = "Solution Items", "Solution Items", "{DAC4FB0A-9A2C-4D07-9CEA-10F64039C5C4}"
	ProjectSection(SolutionItems) = preProject
		Performance1.psess = Performance1.psess
		Performance2.psess = Performance2.psess
	EndProjectSection
EndProject
Global
	GlobalSection(SolutionConfigurationPlatforms) = preSolution
		Debug|Any CPU = Debug|Any CPU
		Debug|Mixed Platforms = Debug|Mixed Platforms
		Debug|x86 = Debug|x86
		Release|Any CPU = Release|Any CPU
		Release|Mixed Platforms = Release|Mixed Platforms
		Release|x86 = Release|x86
	EndGlobalSection
	GlobalSection(ProjectConfigurationPlatforms) = postSolution
		{5D4639F4-7CB1-4D0A-BB45-3F3DC9BD4372}.Debug|Any CPU.ActiveCfg = Debug|x86
		{5D4639F4-7CB1-4D0A-BB45-3F3DC9BD4372}.Debug|Mixed Platforms.ActiveCfg = Debug|x86
		{5D4639F4-7CB1-4D0A-BB45-3F3DC9BD4372}.Debug|Mixed Platforms.Build.0 = Debug|x86
		{5D4639F4-7CB1-4D0A-BB45-3F3DC9BD4372}.Debug|x86.ActiveCfg = Debug|x86
		{5D4639F4-7CB1-4D0A-BB45-3F3DC9BD4372}.Debug|x86.Build.0 = Debug|x86
		{5D4639F4-7CB1-4D0A-BB45-3F3DC9BD4372}.Release|Any CPU.ActiveCfg = Release|x86
		{5D4639F4-7CB1-4D0A-BB45-3F3DC9BD4372}.Release|Mixed Platforms.ActiveCfg = Release|x86
		{5D4639F4-7CB1-4D0A-BB45-3F3DC9BD4372}.Release|Mixed Platforms.Build.0 = Release|x86
		{5D4639F4-7CB1-4D0A-BB45-3F3DC9BD4372}.Release|x86.ActiveCfg = Release|x86
		{5D4639F4-7CB1-4D0A-BB45-3F3DC9BD4372}.Release|x86.Build.0 = Release|x86
		{3E850B02-F522-4D55-A462-CB8F2455A5F4}.Debug|Any CPU.ActiveCfg = Debug|Any CPU
		{3E850B02-F522-4D55-A462-CB8F2455A5F4}.Debug|Any CPU.Build.0 = Debug|Any CPU
		{3E850B02-F522-4D55-A462-CB8F2455A5F4}.Debug|Mixed Platforms.ActiveCfg = Debug|Any CPU
		{3E850B02-F522-4D55-A462-CB8F2455A5F4}.Debug|Mixed Platforms.Build.0 = Debug|Any CPU
		{3E850B02-F522-4D55-A462-CB8F2455A5F4}.Debug|x86.ActiveCfg = Debug|Any CPU
		{3E850B02-F522-4D55-A462-CB8F2455A5F4}.Release|Any CPU.ActiveCfg = Release|Any CPU
		{3E850B02-F522-4D55-A462-CB8F2455A5F4}.Release|Any CPU.Build.0 = Release|Any CPU
		{3E850B02-F522-4D55-A462-CB8F2455A5F4}.Release|Mixed Platforms.ActiveCfg = Release|Any CPU
		{3E850B02-F522-4D55-A462-CB8F2455A5F4}.Release|Mixed Platforms.Build.0 = Release|Any CPU
		{3E850B02-F522-4D55-A462-CB8F2455A5F4}.Release|x86.ActiveCfg = Release|Any CPU
		{04B64A9A-9434-4CD9-A00B-0ABB1310F056}.Debug|Any CPU.ActiveCfg = Debug|Any CPU
		{04B64A9A-9434-4CD9-A00B-0ABB1310F056}.Debug|Any CPU.Build.0 = Debug|Any CPU
		{04B64A9A-9434-4CD9-A00B-0ABB1310F056}.Debug|Mixed Platforms.ActiveCfg = Debug|Any CPU
		{04B64A9A-9434-4CD9-A00B-0ABB1310F056}.Debug|Mixed Platforms.Build.0 = Debug|Any CPU
		{04B64A9A-9434-4CD9-A00B-0ABB1310F056}.Debug|x86.ActiveCfg = Debug|Any CPU
		{04B64A9A-9434-4CD9-A00B-0ABB1310F056}.Release|Any CPU.ActiveCfg = Release|Any CPU
		{04B64A9A-9434-4CD9-A00B-0ABB1310F056}.Release|Any CPU.Build.0 = Release|Any CPU
		{04B64A9A-9434-4CD9-A00B-0ABB1310F056}.Release|Mixed Platforms.ActiveCfg = Release|Any CPU
		{04B64A9A-9434-4CD9-A00B-0ABB1310F056}.Release|Mixed Platforms.Build.0 = Release|Any CPU
		{04B64A9A-9434-4CD9-A00B-0ABB1310F056}.Release|x86.ActiveCfg = Release|Any CPU
		{B96D824B-48F7-4160-A337-B56A641E5A26}.Debug|Any CPU.ActiveCfg = Debug|x86
		{B96D824B-48F7-4160-A337-B56A641E5A26}.Debug|Mixed Platforms.ActiveCfg = Debug|x86
		{B96D824B-48F7-4160-A337-B56A641E5A26}.Debug|Mixed Platforms.Build.0 = Debug|x86
		{B96D824B-48F7-4160-A337-B56A641E5A26}.Debug|x86.ActiveCfg = Debug|x86
		{B96D824B-48F7-4160-A337-B56A641E5A26}.Debug|x86.Build.0 = Debug|x86
		{B96D824B-48F7-4160-A337-B56A641E5A26}.Release|Any CPU.ActiveCfg = Release|x86
		{B96D824B-48F7-4160-A337-B56A641E5A26}.Release|Mixed Platforms.ActiveCfg = Release|x86
		{B96D824B-48F7-4160-A337-B56A641E5A26}.Release|Mixed Platforms.Build.0 = Release|x86
		{B96D824B-48F7-4160-A337-B56A641E5A26}.Release|x86.ActiveCfg = Release|x86
		{B96D824B-48F7-4160-A337-B56A641E5A26}.Release|x86.Build.0 = Release|x86
		{67A750E4-166C-486B-B50F-F68215C226D6}.Debug|Any CPU.ActiveCfg = Debug|Any CPU
		{67A750E4-166C-486B-B50F-F68215C226D6}.Debug|Any CPU.Build.0 = Debug|Any CPU
		{67A750E4-166C-486B-B50F-F68215C226D6}.Debug|Mixed Platforms.ActiveCfg = Debug|Any CPU
		{67A750E4-166C-486B-B50F-F68215C226D6}.Debug|Mixed Platforms.Build.0 = Debug|Any CPU
		{67A750E4-166C-486B-B50F-F68215C226D6}.Debug|x86.ActiveCfg = Debug|Any CPU
		{67A750E4-166C-486B-B50F-F68215C226D6}.Release|Any CPU.ActiveCfg = Release|Any CPU
		{67A750E4-166C-486B-B50F-F68215C226D6}.Release|Any CPU.Build.0 = Release|Any CPU
		{67A750E4-166C-486B-B50F-F68215C226D6}.Release|Mixed Platforms.ActiveCfg = Release|Any CPU
		{67A750E4-166C-486B-B50F-F68215C226D6}.Release|Mixed Platforms.Build.0 = Release|Any CPU
		{67A750E4-166C-486B-B50F-F68215C226D6}.Release|x86.ActiveCfg = Release|Any CPU
		{C8487566-9827-48EF-9B0C-BC684AEDE66A}.Debug|Any CPU.ActiveCfg = Debug|x86
		{C8487566-9827-48EF-9B0C-BC684AEDE66A}.Debug|Mixed Platforms.ActiveCfg = Debug|x86
		{C8487566-9827-48EF-9B0C-BC684AEDE66A}.Debug|Mixed Platforms.Build.0 = Debug|x86
		{C8487566-9827-48EF-9B0C-BC684AEDE66A}.Debug|x86.ActiveCfg = Debug|x86
		{C8487566-9827-48EF-9B0C-BC684AEDE66A}.Debug|x86.Build.0 = Debug|x86
		{C8487566-9827-48EF-9B0C-BC684AEDE66A}.Release|Any CPU.ActiveCfg = Release|x86
		{C8487566-9827-48EF-9B0C-BC684AEDE66A}.Release|Mixed Platforms.ActiveCfg = Release|x86
		{C8487566-9827-48EF-9B0C-BC684AEDE66A}.Release|Mixed Platforms.Build.0 = Release|x86
		{C8487566-9827-48EF-9B0C-BC684AEDE66A}.Release|x86.ActiveCfg = Release|x86
		{C8487566-9827-48EF-9B0C-BC684AEDE66A}.Release|x86.Build.0 = Release|x86
	EndGlobalSection
	GlobalSection(SolutionProperties) = preSolution
		HideSolutionNode = FALSE
	EndGlobalSection
EndGlobal
